
Microsoft Visual Studio Solution File, Format Version 12.00
# Visual Studio 15
VisualStudioVersion = 15.0.26403.7
MinimumVisualStudioVersion = 10.0.40219.1
Project("{FAE04EC0-301F-11D3-BF4B-00C04F79EFBC}") = "Encapsulation", "Encapsulation\Encapsulation.csproj", "{BB9A297D-29E5-4E4C-8B42-1A5B8A6AECFB}"
EndProject
Project("{FAE04EC0-301F-11D3-BF4B-00C04F79EFBC}") = "Salary", "Salary\Salary.csproj", "{204F7A7F-D87B-4034-87FC-BA8FF2FC534F}"
EndProject
Project("{FAE04EC0-301F-11D3-BF4B-00C04F79EFBC}") = "Validation", "Validation\Validation.csproj", "{B48F4DA9-4B27-471F-B1CD-25B3E964B32B}"
EndProject
Project("{FAE04EC0-301F-11D3-BF4B-00C04F79EFBC}") = "Team", "Team\Team.csproj", "{9CB281C3-B5D7-4E0C-AD47-FD8C99AE604E}"
EndProject
Project("{FAE04EC0-301F-11D3-BF4B-00C04F79EFBC}") = "ClassBox", "ClassBox\ClassBox.csproj", "{6C1FA955-35DC-4CAA-8A85-7056B1759AD7}"
EndProject
Project("{FAE04EC0-301F-11D3-BF4B-00C04F79EFBC}") = "ClassBoxDataValidation", "ClassBoxDataValidation\ClassBoxDataValidation.csproj", "{BB1FE0DB-99A5-487E-8A1C-DDC35A2845A2}"
EndProject
Project("{FAE04EC0-301F-11D3-BF4B-00C04F79EFBC}") = "AnimalFarm", "AnimalFarm\AnimalFarm.csproj", "{9DC04C6E-0FD9-443C-AD96-F4E5A9819DAE}"
EndProject
Project("{FAE04EC0-301F-11D3-BF4B-00C04F79EFBC}") = "ShoppingSpree", "ShoppingSpree\ShoppingSpree.csproj", "{17EBF192-3B6C-4278-B301-0A2792498B8D}"
EndProject
Project("{FAE04EC0-301F-11D3-BF4B-00C04F79EFBC}") = "PizzaCalories", "PizzaCalories\PizzaCalories.csproj", "{3F48BA2F-13B2-4C64-9682-D86C9387801C}"
EndProject
Project("{FAE04EC0-301F-11D3-BF4B-00C04F79EFBC}") = "FootballTeamGenerator", "FootballTeamGenerator\FootballTeamGenerator.csproj", "{92BA8ECE-F556-4351-943E-735A8DB3CB85}"
EndProject
Global
	GlobalSection(SolutionConfigurationPlatforms) = preSolution
		Debug|Any CPU = Debug|Any CPU
		Release|Any CPU = Release|Any CPU
	EndGlobalSection
	GlobalSection(ProjectConfigurationPlatforms) = postSolution
		{BB9A297D-29E5-4E4C-8B42-1A5B8A6AECFB}.Debug|Any CPU.ActiveCfg = Debug|Any CPU
		{BB9A297D-29E5-4E4C-8B42-1A5B8A6AECFB}.Debug|Any CPU.Build.0 = Debug|Any CPU
		{BB9A297D-29E5-4E4C-8B42-1A5B8A6AECFB}.Release|Any CPU.ActiveCfg = Release|Any CPU
		{BB9A297D-29E5-4E4C-8B42-1A5B8A6AECFB}.Release|Any CPU.Build.0 = Release|Any CPU
		{204F7A7F-D87B-4034-87FC-BA8FF2FC534F}.Debug|Any CPU.ActiveCfg = Debug|Any CPU
		{204F7A7F-D87B-4034-87FC-BA8FF2FC534F}.Debug|Any CPU.Build.0 = Debug|Any CPU
		{204F7A7F-D87B-4034-87FC-BA8FF2FC534F}.Release|Any CPU.ActiveCfg = Release|Any CPU
		{204F7A7F-D87B-4034-87FC-BA8FF2FC534F}.Release|Any CPU.Build.0 = Release|Any CPU
		{B48F4DA9-4B27-471F-B1CD-25B3E964B32B}.Debug|Any CPU.ActiveCfg = Debug|Any CPU
		{B48F4DA9-4B27-471F-B1CD-25B3E964B32B}.Debug|Any CPU.Build.0 = Debug|Any CPU
		{B48F4DA9-4B27-471F-B1CD-25B3E964B32B}.Release|Any CPU.ActiveCfg = Release|Any CPU
		{B48F4DA9-4B27-471F-B1CD-25B3E964B32B}.Release|Any CPU.Build.0 = Release|Any CPU
		{9CB281C3-B5D7-4E0C-AD47-FD8C99AE604E}.Debug|Any CPU.ActiveCfg = Debug|Any CPU
		{9CB281C3-B5D7-4E0C-AD47-FD8C99AE604E}.Debug|Any CPU.Build.0 = Debug|Any CPU
		{9CB281C3-B5D7-4E0C-AD47-FD8C99AE604E}.Release|Any CPU.ActiveCfg = Release|Any CPU
		{9CB281C3-B5D7-4E0C-AD47-FD8C99AE604E}.Release|Any CPU.Build.0 = Release|Any CPU
		{6C1FA955-35DC-4CAA-8A85-7056B1759AD7}.Debug|Any CPU.ActiveCfg = Debug|Any CPU
		{6C1FA955-35DC-4CAA-8A85-7056B1759AD7}.Debug|Any CPU.Build.0 = Debug|Any CPU
		{6C1FA955-35DC-4CAA-8A85-7056B1759AD7}.Release|Any CPU.ActiveCfg = Release|Any CPU
		{6C1FA955-35DC-4CAA-8A85-7056B1759AD7}.Release|Any CPU.Build.0 = Release|Any CPU
		{BB1FE0DB-99A5-487E-8A1C-DDC35A2845A2}.Debug|Any CPU.ActiveCfg = Debug|Any CPU
		{BB1FE0DB-99A5-487E-8A1C-DDC35A2845A2}.Debug|Any CPU.Build.0 = Debug|Any CPU
		{BB1FE0DB-99A5-487E-8A1C-DDC35A2845A2}.Release|Any CPU.ActiveCfg = Release|Any CPU
		{BB1FE0DB-99A5-487E-8A1C-DDC35A2845A2}.Release|Any CPU.Build.0 = Release|Any CPU
		{9DC04C6E-0FD9-443C-AD96-F4E5A9819DAE}.Debug|Any CPU.ActiveCfg = Debug|Any CPU
		{9DC04C6E-0FD9-443C-AD96-F4E5A9819DAE}.Debug|Any CPU.Build.0 = Debug|Any CPU
		{9DC04C6E-0FD9-443C-AD96-F4E5A9819DAE}.Release|Any CPU.ActiveCfg = Release|Any CPU
		{9DC04C6E-0FD9-443C-AD96-F4E5A9819DAE}.Release|Any CPU.Build.0 = Release|Any CPU
		{17EBF192-3B6C-4278-B301-0A2792498B8D}.Debug|Any CPU.ActiveCfg = Debug|Any CPU
		{17EBF192-3B6C-4278-B301-0A2792498B8D}.Debug|Any CPU.Build.0 = Debug|Any CPU
		{17EBF192-3B6C-4278-B301-0A2792498B8D}.Release|Any CPU.ActiveCfg = Release|Any CPU
		{17EBF192-3B6C-4278-B301-0A2792498B8D}.Release|Any CPU.Build.0 = Release|Any CPU
		{3F48BA2F-13B2-4C64-9682-D86C9387801C}.Debug|Any CPU.ActiveCfg = Debug|Any CPU
		{3F48BA2F-13B2-4C64-9682-D86C9387801C}.Debug|Any CPU.Build.0 = Debug|Any CPU
		{3F48BA2F-13B2-4C64-9682-D86C9387801C}.Release|Any CPU.ActiveCfg = Release|Any CPU
		{3F48BA2F-13B2-4C64-9682-D86C9387801C}.Release|Any CPU.Build.0 = Release|Any CPU
		{92BA8ECE-F556-4351-943E-735A8DB3CB85}.Debug|Any CPU.ActiveCfg = Debug|Any CPU
		{92BA8ECE-F556-4351-943E-735A8DB3CB85}.Debug|Any CPU.Build.0 = Debug|Any CPU
		{92BA8ECE-F556-4351-943E-735A8DB3CB85}.Release|Any CPU.ActiveCfg = Release|Any CPU
		{92BA8ECE-F556-4351-943E-735A8DB3CB85}.Release|Any CPU.Build.0 = Release|Any CPU
	EndGlobalSection
	GlobalSection(SolutionProperties) = preSolution
		HideSolutionNode = FALSE
	EndGlobalSection
EndGlobal
