
Microsoft Visual Studio Solution File, Format Version 12.00
# Visual Studio 15
VisualStudioVersion = 15.0.26403.7
MinimumVisualStudioVersion = 10.0.40219.1
Project("{FAE04EC0-301F-11D3-BF4B-00C04F79EFBC}") = "SingleInheritance", "SingleInheritance\SingleInheritance.csproj", "{D7C5FD58-6801-412D-BD5F-948AED01133E}"
EndProject
Project("{FAE04EC0-301F-11D3-BF4B-00C04F79EFBC}") = "MultipleInheritance", "MultipleInheritance\MultipleInheritance.csproj", "{69EBC2D3-CA8B-4E33-98A6-A1BFA194CEE0}"
EndProject
Project("{FAE04EC0-301F-11D3-BF4B-00C04F79EFBC}") = "RandomList", "RandomList\RandomList.csproj", "{9FBD4C6D-7A0A-4850-B7E9-B3404136EDBE}"
EndProject
Project("{FAE04EC0-301F-11D3-BF4B-00C04F79EFBC}") = "HierarchicalInheritance", "HierarchicalInheritance\HierarchicalInheritance.csproj", "{660D3037-7169-437D-8500-EFDF01A6C613}"
EndProject
Project("{FAE04EC0-301F-11D3-BF4B-00C04F79EFBC}") = "StackOfStrings", "StackOfStrings\StackOfStrings.csproj", "{E4A7D682-00FC-4735-858D-548E22C8056C}"
EndProject
Project("{FAE04EC0-301F-11D3-BF4B-00C04F79EFBC}") = "Person", "Person\Person.csproj", "{2BA05479-0AA3-4EF7-8AB1-3FEC65F4CACA}"
EndProject
Project("{FAE04EC0-301F-11D3-BF4B-00C04F79EFBC}") = "BookShop", "BookShop\BookShop.csproj", "{B7C087A5-0C74-4DDA-8747-39EBC125F619}"
EndProject
Global
	GlobalSection(SolutionConfigurationPlatforms) = preSolution
		Debug|Any CPU = Debug|Any CPU
		Release|Any CPU = Release|Any CPU
	EndGlobalSection
	GlobalSection(ProjectConfigurationPlatforms) = postSolution
		{D7C5FD58-6801-412D-BD5F-948AED01133E}.Debug|Any CPU.ActiveCfg = Debug|Any CPU
		{D7C5FD58-6801-412D-BD5F-948AED01133E}.Debug|Any CPU.Build.0 = Debug|Any CPU
		{D7C5FD58-6801-412D-BD5F-948AED01133E}.Release|Any CPU.ActiveCfg = Release|Any CPU
		{D7C5FD58-6801-412D-BD5F-948AED01133E}.Release|Any CPU.Build.0 = Release|Any CPU
		{69EBC2D3-CA8B-4E33-98A6-A1BFA194CEE0}.Debug|Any CPU.ActiveCfg = Debug|Any CPU
		{69EBC2D3-CA8B-4E33-98A6-A1BFA194CEE0}.Debug|Any CPU.Build.0 = Debug|Any CPU
		{69EBC2D3-CA8B-4E33-98A6-A1BFA194CEE0}.Release|Any CPU.ActiveCfg = Release|Any CPU
		{69EBC2D3-CA8B-4E33-98A6-A1BFA194CEE0}.Release|Any CPU.Build.0 = Release|Any CPU
		{9FBD4C6D-7A0A-4850-B7E9-B3404136EDBE}.Debug|Any CPU.ActiveCfg = Debug|Any CPU
		{9FBD4C6D-7A0A-4850-B7E9-B3404136EDBE}.Debug|Any CPU.Build.0 = Debug|Any CPU
		{9FBD4C6D-7A0A-4850-B7E9-B3404136EDBE}.Release|Any CPU.ActiveCfg = Release|Any CPU
		{9FBD4C6D-7A0A-4850-B7E9-B3404136EDBE}.Release|Any CPU.Build.0 = Release|Any CPU
		{660D3037-7169-437D-8500-EFDF01A6C613}.Debug|Any CPU.ActiveCfg = Debug|Any CPU
		{660D3037-7169-437D-8500-EFDF01A6C613}.Debug|Any CPU.Build.0 = Debug|Any CPU
		{660D3037-7169-437D-8500-EFDF01A6C613}.Release|Any CPU.ActiveCfg = Release|Any CPU
		{660D3037-7169-437D-8500-EFDF01A6C613}.Release|Any CPU.Build.0 = Release|Any CPU
		{E4A7D682-00FC-4735-858D-548E22C8056C}.Debug|Any CPU.ActiveCfg = Debug|Any CPU
		{E4A7D682-00FC-4735-858D-548E22C8056C}.Debug|Any CPU.Build.0 = Debug|Any CPU
		{E4A7D682-00FC-4735-858D-548E22C8056C}.Release|Any CPU.ActiveCfg = Release|Any CPU
		{E4A7D682-00FC-4735-858D-548E22C8056C}.Release|Any CPU.Build.0 = Release|Any CPU
		{2BA05479-0AA3-4EF7-8AB1-3FEC65F4CACA}.Debug|Any CPU.ActiveCfg = Debug|Any CPU
		{2BA05479-0AA3-4EF7-8AB1-3FEC65F4CACA}.Debug|Any CPU.Build.0 = Debug|Any CPU
		{2BA05479-0AA3-4EF7-8AB1-3FEC65F4CACA}.Release|Any CPU.ActiveCfg = Release|Any CPU
		{2BA05479-0AA3-4EF7-8AB1-3FEC65F4CACA}.Release|Any CPU.Build.0 = Release|Any CPU
		{B7C087A5-0C74-4DDA-8747-39EBC125F619}.Debug|Any CPU.ActiveCfg = Debug|Any CPU
		{B7C087A5-0C74-4DDA-8747-39EBC125F619}.Debug|Any CPU.Build.0 = Debug|Any CPU
		{B7C087A5-0C74-4DDA-8747-39EBC125F619}.Release|Any CPU.ActiveCfg = Release|Any CPU
		{B7C087A5-0C74-4DDA-8747-39EBC125F619}.Release|Any CPU.Build.0 = Release|Any CPU
	EndGlobalSection
	GlobalSection(SolutionProperties) = preSolution
		HideSolutionNode = FALSE
	EndGlobalSection
EndGlobal
