
Microsoft Visual Studio Solution File, Format Version 12.00
# Visual Studio 15
VisualStudioVersion = 15.0.26403.7
MinimumVisualStudioVersion = 10.0.40219.1
Project("{FAE04EC0-301F-11D3-BF4B-00C04F79EFBC}") = "BankAccount", "BankAccount\BankAccount.csproj", "{D0512046-AB75-40A2-88E4-07B64624AA12}"
EndProject
Project("{FAE04EC0-301F-11D3-BF4B-00C04F79EFBC}") = "BankAccountMethods", "BankAccountMethods\BankAccountMethods.csproj", "{17379A31-26A5-4EDA-BA27-0DD3C415AF1A}"
EndProject
Project("{FAE04EC0-301F-11D3-BF4B-00C04F79EFBC}") = "BankAccountTest", "BankAccountTest\BankAccountTest.csproj", "{45B6B5D7-E2C2-4472-A25E-E51F0D90C241}"
EndProject
Project("{FAE04EC0-301F-11D3-BF4B-00C04F79EFBC}") = "PersonClass", "PersonClass\PersonClass.csproj", "{8AB8D3B6-EE88-4358-9763-007FB870BF40}"
EndProject
Project("{FAE04EC0-301F-11D3-BF4B-00C04F79EFBC}") = "DefineAClassPerson", "DefineAClassPerson\DefineAClassPerson.csproj", "{56924BCA-C107-42C9-9684-A79008B99324}"
EndProject
Project("{FAE04EC0-301F-11D3-BF4B-00C04F79EFBC}") = "CreatingConstructors", "CreatingConstructors\CreatingConstructors.csproj", "{0B716043-8FAB-4BBC-9F92-56ECE8603894}"
EndProject
Project("{FAE04EC0-301F-11D3-BF4B-00C04F79EFBC}") = "OldestFamilyMember", "OldestFamilyMember\OldestFamilyMember.csproj", "{A42690B4-2EC1-447E-9DD2-C11ADAE5FA51}"
EndProject
Project("{FAE04EC0-301F-11D3-BF4B-00C04F79EFBC}") = "OpinionPoll", "OpinionPoll\OpinionPoll.csproj", "{D003E941-B0F8-427E-B3C3-FD206782D6D4}"
EndProject
Project("{FAE04EC0-301F-11D3-BF4B-00C04F79EFBC}") = "DateModifier", "DateModifier\DateModifier.csproj", "{635FCB1B-50D6-4393-B4B6-B2C8B7C54665}"
EndProject
Project("{FAE04EC0-301F-11D3-BF4B-00C04F79EFBC}") = "CompanyRoster", "CompanyRoster\CompanyRoster.csproj", "{280009E0-86CE-438D-9B4F-E16BAB7240D8}"
EndProject
Project("{FAE04EC0-301F-11D3-BF4B-00C04F79EFBC}") = "SpeedRacing", "SpeedRacing\SpeedRacing.csproj", "{F9081B8F-4BFA-49F7-A2D2-60CD6CAAFB64}"
EndProject
Project("{FAE04EC0-301F-11D3-BF4B-00C04F79EFBC}") = "RawData", "RawData\RawData.csproj", "{C1BDAAAF-DB97-4EF4-AD54-45E367A72A2B}"
EndProject
Project("{FAE04EC0-301F-11D3-BF4B-00C04F79EFBC}") = "CarSalesman", "CarSalesman\CarSalesman.csproj", "{72831B0A-3C03-4FDC-9B35-E887868B0270}"
EndProject
Project("{FAE04EC0-301F-11D3-BF4B-00C04F79EFBC}") = "PokemonTrainer", "PokemonTrainer\PokemonTrainer.csproj", "{7A9E7CE7-B078-4CAB-807F-CCA329DA4003}"
EndProject
Project("{FAE04EC0-301F-11D3-BF4B-00C04F79EFBC}") = "Google", "Google\Google.csproj", "{6D73CD25-9097-4874-B9A1-A2767A89F616}"
EndProject
Global
	GlobalSection(SolutionConfigurationPlatforms) = preSolution
		Debug|Any CPU = Debug|Any CPU
		Release|Any CPU = Release|Any CPU
	EndGlobalSection
	GlobalSection(ProjectConfigurationPlatforms) = postSolution
		{D0512046-AB75-40A2-88E4-07B64624AA12}.Debug|Any CPU.ActiveCfg = Debug|Any CPU
		{D0512046-AB75-40A2-88E4-07B64624AA12}.Debug|Any CPU.Build.0 = Debug|Any CPU
		{D0512046-AB75-40A2-88E4-07B64624AA12}.Release|Any CPU.ActiveCfg = Release|Any CPU
		{D0512046-AB75-40A2-88E4-07B64624AA12}.Release|Any CPU.Build.0 = Release|Any CPU
		{17379A31-26A5-4EDA-BA27-0DD3C415AF1A}.Debug|Any CPU.ActiveCfg = Debug|Any CPU
		{17379A31-26A5-4EDA-BA27-0DD3C415AF1A}.Debug|Any CPU.Build.0 = Debug|Any CPU
		{17379A31-26A5-4EDA-BA27-0DD3C415AF1A}.Release|Any CPU.ActiveCfg = Release|Any CPU
		{17379A31-26A5-4EDA-BA27-0DD3C415AF1A}.Release|Any CPU.Build.0 = Release|Any CPU
		{45B6B5D7-E2C2-4472-A25E-E51F0D90C241}.Debug|Any CPU.ActiveCfg = Debug|Any CPU
		{45B6B5D7-E2C2-4472-A25E-E51F0D90C241}.Debug|Any CPU.Build.0 = Debug|Any CPU
		{45B6B5D7-E2C2-4472-A25E-E51F0D90C241}.Release|Any CPU.ActiveCfg = Release|Any CPU
		{45B6B5D7-E2C2-4472-A25E-E51F0D90C241}.Release|Any CPU.Build.0 = Release|Any CPU
		{8AB8D3B6-EE88-4358-9763-007FB870BF40}.Debug|Any CPU.ActiveCfg = Debug|Any CPU
		{8AB8D3B6-EE88-4358-9763-007FB870BF40}.Debug|Any CPU.Build.0 = Debug|Any CPU
		{8AB8D3B6-EE88-4358-9763-007FB870BF40}.Release|Any CPU.ActiveCfg = Release|Any CPU
		{8AB8D3B6-EE88-4358-9763-007FB870BF40}.Release|Any CPU.Build.0 = Release|Any CPU
		{56924BCA-C107-42C9-9684-A79008B99324}.Debug|Any CPU.ActiveCfg = Debug|Any CPU
		{56924BCA-C107-42C9-9684-A79008B99324}.Debug|Any CPU.Build.0 = Debug|Any CPU
		{56924BCA-C107-42C9-9684-A79008B99324}.Release|Any CPU.ActiveCfg = Release|Any CPU
		{56924BCA-C107-42C9-9684-A79008B99324}.Release|Any CPU.Build.0 = Release|Any CPU
		{0B716043-8FAB-4BBC-9F92-56ECE8603894}.Debug|Any CPU.ActiveCfg = Debug|Any CPU
		{0B716043-8FAB-4BBC-9F92-56ECE8603894}.Debug|Any CPU.Build.0 = Debug|Any CPU
		{0B716043-8FAB-4BBC-9F92-56ECE8603894}.Release|Any CPU.ActiveCfg = Release|Any CPU
		{0B716043-8FAB-4BBC-9F92-56ECE8603894}.Release|Any CPU.Build.0 = Release|Any CPU
		{A42690B4-2EC1-447E-9DD2-C11ADAE5FA51}.Debug|Any CPU.ActiveCfg = Debug|Any CPU
		{A42690B4-2EC1-447E-9DD2-C11ADAE5FA51}.Debug|Any CPU.Build.0 = Debug|Any CPU
		{A42690B4-2EC1-447E-9DD2-C11ADAE5FA51}.Release|Any CPU.ActiveCfg = Release|Any CPU
		{A42690B4-2EC1-447E-9DD2-C11ADAE5FA51}.Release|Any CPU.Build.0 = Release|Any CPU
		{D003E941-B0F8-427E-B3C3-FD206782D6D4}.Debug|Any CPU.ActiveCfg = Debug|Any CPU
		{D003E941-B0F8-427E-B3C3-FD206782D6D4}.Debug|Any CPU.Build.0 = Debug|Any CPU
		{D003E941-B0F8-427E-B3C3-FD206782D6D4}.Release|Any CPU.ActiveCfg = Release|Any CPU
		{D003E941-B0F8-427E-B3C3-FD206782D6D4}.Release|Any CPU.Build.0 = Release|Any CPU
		{635FCB1B-50D6-4393-B4B6-B2C8B7C54665}.Debug|Any CPU.ActiveCfg = Debug|Any CPU
		{635FCB1B-50D6-4393-B4B6-B2C8B7C54665}.Debug|Any CPU.Build.0 = Debug|Any CPU
		{635FCB1B-50D6-4393-B4B6-B2C8B7C54665}.Release|Any CPU.ActiveCfg = Release|Any CPU
		{635FCB1B-50D6-4393-B4B6-B2C8B7C54665}.Release|Any CPU.Build.0 = Release|Any CPU
		{280009E0-86CE-438D-9B4F-E16BAB7240D8}.Debug|Any CPU.ActiveCfg = Debug|Any CPU
		{280009E0-86CE-438D-9B4F-E16BAB7240D8}.Debug|Any CPU.Build.0 = Debug|Any CPU
		{280009E0-86CE-438D-9B4F-E16BAB7240D8}.Release|Any CPU.ActiveCfg = Release|Any CPU
		{280009E0-86CE-438D-9B4F-E16BAB7240D8}.Release|Any CPU.Build.0 = Release|Any CPU
		{F9081B8F-4BFA-49F7-A2D2-60CD6CAAFB64}.Debug|Any CPU.ActiveCfg = Debug|Any CPU
		{F9081B8F-4BFA-49F7-A2D2-60CD6CAAFB64}.Debug|Any CPU.Build.0 = Debug|Any CPU
		{F9081B8F-4BFA-49F7-A2D2-60CD6CAAFB64}.Release|Any CPU.ActiveCfg = Release|Any CPU
		{F9081B8F-4BFA-49F7-A2D2-60CD6CAAFB64}.Release|Any CPU.Build.0 = Release|Any CPU
		{C1BDAAAF-DB97-4EF4-AD54-45E367A72A2B}.Debug|Any CPU.ActiveCfg = Debug|Any CPU
		{C1BDAAAF-DB97-4EF4-AD54-45E367A72A2B}.Debug|Any CPU.Build.0 = Debug|Any CPU
		{C1BDAAAF-DB97-4EF4-AD54-45E367A72A2B}.Release|Any CPU.ActiveCfg = Release|Any CPU
		{C1BDAAAF-DB97-4EF4-AD54-45E367A72A2B}.Release|Any CPU.Build.0 = Release|Any CPU
		{72831B0A-3C03-4FDC-9B35-E887868B0270}.Debug|Any CPU.ActiveCfg = Debug|Any CPU
		{72831B0A-3C03-4FDC-9B35-E887868B0270}.Debug|Any CPU.Build.0 = Debug|Any CPU
		{72831B0A-3C03-4FDC-9B35-E887868B0270}.Release|Any CPU.ActiveCfg = Release|Any CPU
		{72831B0A-3C03-4FDC-9B35-E887868B0270}.Release|Any CPU.Build.0 = Release|Any CPU
		{7A9E7CE7-B078-4CAB-807F-CCA329DA4003}.Debug|Any CPU.ActiveCfg = Debug|Any CPU
		{7A9E7CE7-B078-4CAB-807F-CCA329DA4003}.Debug|Any CPU.Build.0 = Debug|Any CPU
		{7A9E7CE7-B078-4CAB-807F-CCA329DA4003}.Release|Any CPU.ActiveCfg = Release|Any CPU
		{7A9E7CE7-B078-4CAB-807F-CCA329DA4003}.Release|Any CPU.Build.0 = Release|Any CPU
		{6D73CD25-9097-4874-B9A1-A2767A89F616}.Debug|Any CPU.ActiveCfg = Debug|Any CPU
		{6D73CD25-9097-4874-B9A1-A2767A89F616}.Debug|Any CPU.Build.0 = Debug|Any CPU
		{6D73CD25-9097-4874-B9A1-A2767A89F616}.Release|Any CPU.ActiveCfg = Release|Any CPU
		{6D73CD25-9097-4874-B9A1-A2767A89F616}.Release|Any CPU.Build.0 = Release|Any CPU
	EndGlobalSection
	GlobalSection(SolutionProperties) = preSolution
		HideSolutionNode = FALSE
	EndGlobalSection
EndGlobal
