
Microsoft Visual Studio Solution File, Format Version 12.00
# Visual Studio 15
VisualStudioVersion = 15.0.26403.7
MinimumVisualStudioVersion = 10.0.40219.1
Project("{FAE04EC0-301F-11D3-BF4B-00C04F79EFBC}") = "WeekDay", "WeekDay\WeekDay.csproj", "{E1F86B67-F434-4FB3-B386-50A607A0DAA1}"
EndProject
Project("{FAE04EC0-301F-11D3-BF4B-00C04F79EFBC}") = "CoffeeMachinee", "CoffeeMachinee\CoffeeMachinee.csproj", "{8ED08978-70E4-47EA-B7F1-675C273E8C40}"
EndProject
Project("{FAE04EC0-301F-11D3-BF4B-00C04F79EFBC}") = "CreateAttribute", "CreateAttribute\CreateAttribute.csproj", "{758E23BE-512C-4FB1-AF96-27D379EDDC9E}"
EndProject
Project("{FAE04EC0-301F-11D3-BF4B-00C04F79EFBC}") = "CardSuit", "CardSuit\CardSuit.csproj", "{F194182A-8BCA-4ED0-9CE8-AD6A791F24C0}"
EndProject
Project("{FAE04EC0-301F-11D3-BF4B-00C04F79EFBC}") = "CardRank", "CardRank\CardRank.csproj", "{DC825486-86B3-40EE-960C-AE656BEACAAF}"
EndProject
Project("{FAE04EC0-301F-11D3-BF4B-00C04F79EFBC}") = "CardPower", "CardPower\CardPower.csproj", "{17496E1F-30E3-4BD2-B649-7A4DA4BEE8D7}"
EndProject
Global
	GlobalSection(SolutionConfigurationPlatforms) = preSolution
		Debug|Any CPU = Debug|Any CPU
		Release|Any CPU = Release|Any CPU
	EndGlobalSection
	GlobalSection(ProjectConfigurationPlatforms) = postSolution
		{E1F86B67-F434-4FB3-B386-50A607A0DAA1}.Debug|Any CPU.ActiveCfg = Debug|Any CPU
		{E1F86B67-F434-4FB3-B386-50A607A0DAA1}.Debug|Any CPU.Build.0 = Debug|Any CPU
		{E1F86B67-F434-4FB3-B386-50A607A0DAA1}.Release|Any CPU.ActiveCfg = Release|Any CPU
		{E1F86B67-F434-4FB3-B386-50A607A0DAA1}.Release|Any CPU.Build.0 = Release|Any CPU
		{8ED08978-70E4-47EA-B7F1-675C273E8C40}.Debug|Any CPU.ActiveCfg = Debug|Any CPU
		{8ED08978-70E4-47EA-B7F1-675C273E8C40}.Debug|Any CPU.Build.0 = Debug|Any CPU
		{8ED08978-70E4-47EA-B7F1-675C273E8C40}.Release|Any CPU.ActiveCfg = Release|Any CPU
		{8ED08978-70E4-47EA-B7F1-675C273E8C40}.Release|Any CPU.Build.0 = Release|Any CPU
		{758E23BE-512C-4FB1-AF96-27D379EDDC9E}.Debug|Any CPU.ActiveCfg = Debug|Any CPU
		{758E23BE-512C-4FB1-AF96-27D379EDDC9E}.Debug|Any CPU.Build.0 = Debug|Any CPU
		{758E23BE-512C-4FB1-AF96-27D379EDDC9E}.Release|Any CPU.ActiveCfg = Release|Any CPU
		{758E23BE-512C-4FB1-AF96-27D379EDDC9E}.Release|Any CPU.Build.0 = Release|Any CPU
		{F194182A-8BCA-4ED0-9CE8-AD6A791F24C0}.Debug|Any CPU.ActiveCfg = Debug|Any CPU
		{F194182A-8BCA-4ED0-9CE8-AD6A791F24C0}.Debug|Any CPU.Build.0 = Debug|Any CPU
		{F194182A-8BCA-4ED0-9CE8-AD6A791F24C0}.Release|Any CPU.ActiveCfg = Release|Any CPU
		{F194182A-8BCA-4ED0-9CE8-AD6A791F24C0}.Release|Any CPU.Build.0 = Release|Any CPU
		{DC825486-86B3-40EE-960C-AE656BEACAAF}.Debug|Any CPU.ActiveCfg = Debug|Any CPU
		{DC825486-86B3-40EE-960C-AE656BEACAAF}.Debug|Any CPU.Build.0 = Debug|Any CPU
		{DC825486-86B3-40EE-960C-AE656BEACAAF}.Release|Any CPU.ActiveCfg = Release|Any CPU
		{DC825486-86B3-40EE-960C-AE656BEACAAF}.Release|Any CPU.Build.0 = Release|Any CPU
		{17496E1F-30E3-4BD2-B649-7A4DA4BEE8D7}.Debug|Any CPU.ActiveCfg = Debug|Any CPU
		{17496E1F-30E3-4BD2-B649-7A4DA4BEE8D7}.Debug|Any CPU.Build.0 = Debug|Any CPU
		{17496E1F-30E3-4BD2-B649-7A4DA4BEE8D7}.Release|Any CPU.ActiveCfg = Release|Any CPU
		{17496E1F-30E3-4BD2-B649-7A4DA4BEE8D7}.Release|Any CPU.Build.0 = Release|Any CPU
	EndGlobalSection
	GlobalSection(SolutionProperties) = preSolution
		HideSolutionNode = FALSE
	EndGlobalSection
EndGlobal
